{
  "name": "huggingFaceFun",
  "lockfileVersion": 3,
  "requires": true,
  "packages": {
    "": {
      "dependencies": {
        "@huggingface/inference": "^4.13.15"
      }
    },
    "node_modules/@huggingface/inference": {
      "version": "4.13.15",
      "resolved": "https://registry.npmjs.org/@huggingface/inference/-/inference-4.13.15.tgz",
      "integrity": "sha512-V7B13KFDVhYkQqgx8vpMcmtEG+PoePlh65IUvpphTTItHAq6zRLcsS4torh1QavUaT+6nEwho4wFXzBQNGBwKQ==",
      "license": "MIT",
      "dependencies": {
        "@huggingface/jinja": "^0.5.5",
        "@huggingface/tasks": "^0.19.90"
      },
      "engines": {
        "node": ">=18"
      }
    },
    "node_modules/@huggingface/jinja": {
      "version": "0.5.6",
      "resolved": "https://registry.npmjs.org/@huggingface/jinja/-/jinja-0.5.6.tgz",
      "integrity": "sha512-MyMWyLnjqo+KRJYSH7oWNbsOn5onuIvfXYPcc0WOGxU0eHUV7oAYUoQTl2BMdu7ml+ea/bu11UM+EshbeHwtIA==",
      "license": "MIT",
      "engines": {
        "node": ">=18"
      }
    },
    "node_modules/@huggingface/tasks": {
      "version": "0.19.90",
      "resolved": "https://registry.npmjs.org/@huggingface/tasks/-/tasks-0.19.90.tgz",
      "integrity": "sha512-nfV9luJbvwGQ/5oKXkKhCV9h4X7mwh1YaGG3ORd6UMLDSwr1OFSSatcBX0O9OtBtmNK19aGSjbLFqqgcIR6+IA==",
      "license": "MIT"
    }
  }
}
